
Microsoft Visual Studio Solution File, Format Version 12.00
# Visual Studio Version 17
VisualStudioVersion = 17.0.32014.148
MinimumVisualStudioVersion = 10.0.40219.1
Project("{2150E333-8FDC-42A3-9474-1A3956D46DE8}") = "Read Me", "Read Me", "{3E5370A2-F3EA-40AE-BD78-5EBE47CE1DE7}"
	ProjectSection(SolutionItems) = preProject
		Design Patterns Nedir.txt = Design Patterns Nedir.txt
	EndProjectSection
EndProject
Project("{2150E333-8FDC-42A3-9474-1A3956D46DE8}") = "Creational Patterns", "Creational Patterns", "{CF376863-BC43-4603-A566-06860AB0A713}"
EndProject
Project("{FAE04EC0-301F-11D3-BF4B-00C04F79EFBC}") = "Singleton", "Singleton\Singleton.csproj", "{C3D3FEF7-13DB-48F9-9135-EAAD0558B661}"
EndProject
Project("{FAE04EC0-301F-11D3-BF4B-00C04F79EFBC}") = "FactoryMethod", "FactoryMethod\FactoryMethod.csproj", "{BD697C0A-5398-4505-A4BB-C64E6967F73B}"
EndProject
Project("{FAE04EC0-301F-11D3-BF4B-00C04F79EFBC}") = "Builder", "Builder\Builder.csproj", "{E00BF87B-DDCD-4EE7-8FED-B9EF2D134F55}"
EndProject
Project("{FAE04EC0-301F-11D3-BF4B-00C04F79EFBC}") = "Prototype", "Prototype\Prototype.csproj", "{E39FE941-D289-458C-9AED-6A599CABC9CF}"
EndProject
Project("{2150E333-8FDC-42A3-9474-1A3956D46DE8}") = "Structural Patterns", "Structural Patterns", "{DCFC9329-B5E0-4B3E-8080-B9BD7D154BB9}"
EndProject
Project("{FAE04EC0-301F-11D3-BF4B-00C04F79EFBC}") = "Adapter", "Adapter\Adapter.csproj", "{5E6F7ADB-869B-47C8-9164-9EE4560B9E07}"
EndProject
Project("{FAE04EC0-301F-11D3-BF4B-00C04F79EFBC}") = "Bridge", "Bridge\Bridge.csproj", "{D3938364-58F5-4038-A91F-DF9F698A8965}"
EndProject
Project("{FAE04EC0-301F-11D3-BF4B-00C04F79EFBC}") = "Composite", "Composite\Composite.csproj", "{9CDF1A67-5E41-4C38-BCD9-88DFAFDBC717}"
EndProject
Project("{FAE04EC0-301F-11D3-BF4B-00C04F79EFBC}") = "Decorator", "Decorator\Decorator.csproj", "{4C0474C7-36ED-4D94-9AD1-45D4B0F38F7A}"
EndProject
Project("{FAE04EC0-301F-11D3-BF4B-00C04F79EFBC}") = "Facade", "Facade\Facade.csproj", "{15A7E0BD-DDDD-46B2-9A9F-C2413FCF0DEE}"
EndProject
Project("{FAE04EC0-301F-11D3-BF4B-00C04F79EFBC}") = "Flyweight", "Flyweight\Flyweight.csproj", "{D273937F-DFAE-48FF-B6BD-5A3EE525AED9}"
EndProject
Project("{FAE04EC0-301F-11D3-BF4B-00C04F79EFBC}") = "Proxy", "Proxy\Proxy.csproj", "{D988BBA9-9C4C-46B1-8AE6-A19458C74913}"
EndProject
Project("{2150E333-8FDC-42A3-9474-1A3956D46DE8}") = "Behavioral patterns", "Behavioral patterns", "{A9CEE624-87C8-4E07-A4D9-A0C58F313ADC}"
EndProject
Project("{FAE04EC0-301F-11D3-BF4B-00C04F79EFBC}") = "Chain of Responsibility", "Chain of Responsibility\Chain of Responsibility.csproj", "{1909BFD8-5840-458E-A9FA-61083D1FCE9D}"
EndProject
Project("{FAE04EC0-301F-11D3-BF4B-00C04F79EFBC}") = "Command", "Command\Command.csproj", "{69F88861-0CE9-4C5C-A95E-BECF3EF5FFED}"
EndProject
Project("{FAE04EC0-301F-11D3-BF4B-00C04F79EFBC}") = "Iterator", "Iterator\Iterator.csproj", "{23DB37AC-937A-452B-85CA-DB8BBCF0677B}"
EndProject
Project("{FAE04EC0-301F-11D3-BF4B-00C04F79EFBC}") = "Memento", "Memento\Memento.csproj", "{E28003A2-B945-4976-8E27-1F5B72D4043F}"
EndProject
Project("{FAE04EC0-301F-11D3-BF4B-00C04F79EFBC}") = "Observer", "Observer\Observer.csproj", "{09E7299D-DEDE-4A9E-A96F-A56FD372F589}"
EndProject
Project("{FAE04EC0-301F-11D3-BF4B-00C04F79EFBC}") = "Mediator", "Mediator\Mediator.csproj", "{4EAE1F25-D261-47ED-8A7C-BDC1B0A48B75}"
EndProject
Project("{FAE04EC0-301F-11D3-BF4B-00C04F79EFBC}") = "State", "State\State.csproj", "{A600423A-584D-4500-B044-89BA691E7BD9}"
EndProject
Project("{FAE04EC0-301F-11D3-BF4B-00C04F79EFBC}") = "Strategy", "Strategy\Strategy.csproj", "{24250542-042C-44FC-B25C-52C932353AC5}"
EndProject
Project("{FAE04EC0-301F-11D3-BF4B-00C04F79EFBC}") = "Template", "Template\Template.csproj", "{2283BB26-7D55-41E8-967E-5A5C14E91015}"
EndProject
Project("{FAE04EC0-301F-11D3-BF4B-00C04F79EFBC}") = "Visitor", "Visitor\Visitor.csproj", "{D0F4752F-FD7E-4253-A432-A16E6E9204A4}"
EndProject
Global
	GlobalSection(SolutionConfigurationPlatforms) = preSolution
		Debug|Any CPU = Debug|Any CPU
		Release|Any CPU = Release|Any CPU
	EndGlobalSection
	GlobalSection(ProjectConfigurationPlatforms) = postSolution
		{C3D3FEF7-13DB-48F9-9135-EAAD0558B661}.Debug|Any CPU.ActiveCfg = Debug|Any CPU
		{C3D3FEF7-13DB-48F9-9135-EAAD0558B661}.Debug|Any CPU.Build.0 = Debug|Any CPU
		{C3D3FEF7-13DB-48F9-9135-EAAD0558B661}.Release|Any CPU.ActiveCfg = Release|Any CPU
		{C3D3FEF7-13DB-48F9-9135-EAAD0558B661}.Release|Any CPU.Build.0 = Release|Any CPU
		{BD697C0A-5398-4505-A4BB-C64E6967F73B}.Debug|Any CPU.ActiveCfg = Debug|Any CPU
		{BD697C0A-5398-4505-A4BB-C64E6967F73B}.Debug|Any CPU.Build.0 = Debug|Any CPU
		{BD697C0A-5398-4505-A4BB-C64E6967F73B}.Release|Any CPU.ActiveCfg = Release|Any CPU
		{BD697C0A-5398-4505-A4BB-C64E6967F73B}.Release|Any CPU.Build.0 = Release|Any CPU
		{E00BF87B-DDCD-4EE7-8FED-B9EF2D134F55}.Debug|Any CPU.ActiveCfg = Debug|Any CPU
		{E00BF87B-DDCD-4EE7-8FED-B9EF2D134F55}.Debug|Any CPU.Build.0 = Debug|Any CPU
		{E00BF87B-DDCD-4EE7-8FED-B9EF2D134F55}.Release|Any CPU.ActiveCfg = Release|Any CPU
		{E00BF87B-DDCD-4EE7-8FED-B9EF2D134F55}.Release|Any CPU.Build.0 = Release|Any CPU
		{E39FE941-D289-458C-9AED-6A599CABC9CF}.Debug|Any CPU.ActiveCfg = Debug|Any CPU
		{E39FE941-D289-458C-9AED-6A599CABC9CF}.Debug|Any CPU.Build.0 = Debug|Any CPU
		{E39FE941-D289-458C-9AED-6A599CABC9CF}.Release|Any CPU.ActiveCfg = Release|Any CPU
		{E39FE941-D289-458C-9AED-6A599CABC9CF}.Release|Any CPU.Build.0 = Release|Any CPU
		{5E6F7ADB-869B-47C8-9164-9EE4560B9E07}.Debug|Any CPU.ActiveCfg = Debug|Any CPU
		{5E6F7ADB-869B-47C8-9164-9EE4560B9E07}.Debug|Any CPU.Build.0 = Debug|Any CPU
		{5E6F7ADB-869B-47C8-9164-9EE4560B9E07}.Release|Any CPU.ActiveCfg = Release|Any CPU
		{5E6F7ADB-869B-47C8-9164-9EE4560B9E07}.Release|Any CPU.Build.0 = Release|Any CPU
		{D3938364-58F5-4038-A91F-DF9F698A8965}.Debug|Any CPU.ActiveCfg = Debug|Any CPU
		{D3938364-58F5-4038-A91F-DF9F698A8965}.Debug|Any CPU.Build.0 = Debug|Any CPU
		{D3938364-58F5-4038-A91F-DF9F698A8965}.Release|Any CPU.ActiveCfg = Release|Any CPU
		{D3938364-58F5-4038-A91F-DF9F698A8965}.Release|Any CPU.Build.0 = Release|Any CPU
		{9CDF1A67-5E41-4C38-BCD9-88DFAFDBC717}.Debug|Any CPU.ActiveCfg = Debug|Any CPU
		{9CDF1A67-5E41-4C38-BCD9-88DFAFDBC717}.Debug|Any CPU.Build.0 = Debug|Any CPU
		{9CDF1A67-5E41-4C38-BCD9-88DFAFDBC717}.Release|Any CPU.ActiveCfg = Release|Any CPU
		{9CDF1A67-5E41-4C38-BCD9-88DFAFDBC717}.Release|Any CPU.Build.0 = Release|Any CPU
		{4C0474C7-36ED-4D94-9AD1-45D4B0F38F7A}.Debug|Any CPU.ActiveCfg = Debug|Any CPU
		{4C0474C7-36ED-4D94-9AD1-45D4B0F38F7A}.Debug|Any CPU.Build.0 = Debug|Any CPU
		{4C0474C7-36ED-4D94-9AD1-45D4B0F38F7A}.Release|Any CPU.ActiveCfg = Release|Any CPU
		{4C0474C7-36ED-4D94-9AD1-45D4B0F38F7A}.Release|Any CPU.Build.0 = Release|Any CPU
		{15A7E0BD-DDDD-46B2-9A9F-C2413FCF0DEE}.Debug|Any CPU.ActiveCfg = Debug|Any CPU
		{15A7E0BD-DDDD-46B2-9A9F-C2413FCF0DEE}.Debug|Any CPU.Build.0 = Debug|Any CPU
		{15A7E0BD-DDDD-46B2-9A9F-C2413FCF0DEE}.Release|Any CPU.ActiveCfg = Release|Any CPU
		{15A7E0BD-DDDD-46B2-9A9F-C2413FCF0DEE}.Release|Any CPU.Build.0 = Release|Any CPU
		{D273937F-DFAE-48FF-B6BD-5A3EE525AED9}.Debug|Any CPU.ActiveCfg = Debug|Any CPU
		{D273937F-DFAE-48FF-B6BD-5A3EE525AED9}.Debug|Any CPU.Build.0 = Debug|Any CPU
		{D273937F-DFAE-48FF-B6BD-5A3EE525AED9}.Release|Any CPU.ActiveCfg = Release|Any CPU
		{D273937F-DFAE-48FF-B6BD-5A3EE525AED9}.Release|Any CPU.Build.0 = Release|Any CPU
		{D988BBA9-9C4C-46B1-8AE6-A19458C74913}.Debug|Any CPU.ActiveCfg = Debug|Any CPU
		{D988BBA9-9C4C-46B1-8AE6-A19458C74913}.Debug|Any CPU.Build.0 = Debug|Any CPU
		{D988BBA9-9C4C-46B1-8AE6-A19458C74913}.Release|Any CPU.ActiveCfg = Release|Any CPU
		{D988BBA9-9C4C-46B1-8AE6-A19458C74913}.Release|Any CPU.Build.0 = Release|Any CPU
		{1909BFD8-5840-458E-A9FA-61083D1FCE9D}.Debug|Any CPU.ActiveCfg = Debug|Any CPU
		{1909BFD8-5840-458E-A9FA-61083D1FCE9D}.Debug|Any CPU.Build.0 = Debug|Any CPU
		{1909BFD8-5840-458E-A9FA-61083D1FCE9D}.Release|Any CPU.ActiveCfg = Release|Any CPU
		{1909BFD8-5840-458E-A9FA-61083D1FCE9D}.Release|Any CPU.Build.0 = Release|Any CPU
		{69F88861-0CE9-4C5C-A95E-BECF3EF5FFED}.Debug|Any CPU.ActiveCfg = Debug|Any CPU
		{69F88861-0CE9-4C5C-A95E-BECF3EF5FFED}.Debug|Any CPU.Build.0 = Debug|Any CPU
		{69F88861-0CE9-4C5C-A95E-BECF3EF5FFED}.Release|Any CPU.ActiveCfg = Release|Any CPU
		{69F88861-0CE9-4C5C-A95E-BECF3EF5FFED}.Release|Any CPU.Build.0 = Release|Any CPU
		{23DB37AC-937A-452B-85CA-DB8BBCF0677B}.Debug|Any CPU.ActiveCfg = Debug|Any CPU
		{23DB37AC-937A-452B-85CA-DB8BBCF0677B}.Debug|Any CPU.Build.0 = Debug|Any CPU
		{23DB37AC-937A-452B-85CA-DB8BBCF0677B}.Release|Any CPU.ActiveCfg = Release|Any CPU
		{23DB37AC-937A-452B-85CA-DB8BBCF0677B}.Release|Any CPU.Build.0 = Release|Any CPU
		{E28003A2-B945-4976-8E27-1F5B72D4043F}.Debug|Any CPU.ActiveCfg = Debug|Any CPU
		{E28003A2-B945-4976-8E27-1F5B72D4043F}.Debug|Any CPU.Build.0 = Debug|Any CPU
		{E28003A2-B945-4976-8E27-1F5B72D4043F}.Release|Any CPU.ActiveCfg = Release|Any CPU
		{E28003A2-B945-4976-8E27-1F5B72D4043F}.Release|Any CPU.Build.0 = Release|Any CPU
		{09E7299D-DEDE-4A9E-A96F-A56FD372F589}.Debug|Any CPU.ActiveCfg = Debug|Any CPU
		{09E7299D-DEDE-4A9E-A96F-A56FD372F589}.Debug|Any CPU.Build.0 = Debug|Any CPU
		{09E7299D-DEDE-4A9E-A96F-A56FD372F589}.Release|Any CPU.ActiveCfg = Release|Any CPU
		{09E7299D-DEDE-4A9E-A96F-A56FD372F589}.Release|Any CPU.Build.0 = Release|Any CPU
		{4EAE1F25-D261-47ED-8A7C-BDC1B0A48B75}.Debug|Any CPU.ActiveCfg = Debug|Any CPU
		{4EAE1F25-D261-47ED-8A7C-BDC1B0A48B75}.Debug|Any CPU.Build.0 = Debug|Any CPU
		{4EAE1F25-D261-47ED-8A7C-BDC1B0A48B75}.Release|Any CPU.ActiveCfg = Release|Any CPU
		{4EAE1F25-D261-47ED-8A7C-BDC1B0A48B75}.Release|Any CPU.Build.0 = Release|Any CPU
		{A600423A-584D-4500-B044-89BA691E7BD9}.Debug|Any CPU.ActiveCfg = Debug|Any CPU
		{A600423A-584D-4500-B044-89BA691E7BD9}.Debug|Any CPU.Build.0 = Debug|Any CPU
		{A600423A-584D-4500-B044-89BA691E7BD9}.Release|Any CPU.ActiveCfg = Release|Any CPU
		{A600423A-584D-4500-B044-89BA691E7BD9}.Release|Any CPU.Build.0 = Release|Any CPU
		{24250542-042C-44FC-B25C-52C932353AC5}.Debug|Any CPU.ActiveCfg = Debug|Any CPU
		{24250542-042C-44FC-B25C-52C932353AC5}.Debug|Any CPU.Build.0 = Debug|Any CPU
		{24250542-042C-44FC-B25C-52C932353AC5}.Release|Any CPU.ActiveCfg = Release|Any CPU
		{24250542-042C-44FC-B25C-52C932353AC5}.Release|Any CPU.Build.0 = Release|Any CPU
		{2283BB26-7D55-41E8-967E-5A5C14E91015}.Debug|Any CPU.ActiveCfg = Debug|Any CPU
		{2283BB26-7D55-41E8-967E-5A5C14E91015}.Debug|Any CPU.Build.0 = Debug|Any CPU
		{2283BB26-7D55-41E8-967E-5A5C14E91015}.Release|Any CPU.ActiveCfg = Release|Any CPU
		{2283BB26-7D55-41E8-967E-5A5C14E91015}.Release|Any CPU.Build.0 = Release|Any CPU
		{D0F4752F-FD7E-4253-A432-A16E6E9204A4}.Debug|Any CPU.ActiveCfg = Debug|Any CPU
		{D0F4752F-FD7E-4253-A432-A16E6E9204A4}.Debug|Any CPU.Build.0 = Debug|Any CPU
		{D0F4752F-FD7E-4253-A432-A16E6E9204A4}.Release|Any CPU.ActiveCfg = Release|Any CPU
		{D0F4752F-FD7E-4253-A432-A16E6E9204A4}.Release|Any CPU.Build.0 = Release|Any CPU
	EndGlobalSection
	GlobalSection(SolutionProperties) = preSolution
		HideSolutionNode = FALSE
	EndGlobalSection
	GlobalSection(NestedProjects) = preSolution
		{C3D3FEF7-13DB-48F9-9135-EAAD0558B661} = {CF376863-BC43-4603-A566-06860AB0A713}
		{BD697C0A-5398-4505-A4BB-C64E6967F73B} = {CF376863-BC43-4603-A566-06860AB0A713}
		{E00BF87B-DDCD-4EE7-8FED-B9EF2D134F55} = {CF376863-BC43-4603-A566-06860AB0A713}
		{E39FE941-D289-458C-9AED-6A599CABC9CF} = {CF376863-BC43-4603-A566-06860AB0A713}
		{5E6F7ADB-869B-47C8-9164-9EE4560B9E07} = {DCFC9329-B5E0-4B3E-8080-B9BD7D154BB9}
		{D3938364-58F5-4038-A91F-DF9F698A8965} = {DCFC9329-B5E0-4B3E-8080-B9BD7D154BB9}
		{9CDF1A67-5E41-4C38-BCD9-88DFAFDBC717} = {DCFC9329-B5E0-4B3E-8080-B9BD7D154BB9}
		{4C0474C7-36ED-4D94-9AD1-45D4B0F38F7A} = {DCFC9329-B5E0-4B3E-8080-B9BD7D154BB9}
		{15A7E0BD-DDDD-46B2-9A9F-C2413FCF0DEE} = {DCFC9329-B5E0-4B3E-8080-B9BD7D154BB9}
		{D273937F-DFAE-48FF-B6BD-5A3EE525AED9} = {DCFC9329-B5E0-4B3E-8080-B9BD7D154BB9}
		{D988BBA9-9C4C-46B1-8AE6-A19458C74913} = {DCFC9329-B5E0-4B3E-8080-B9BD7D154BB9}
		{1909BFD8-5840-458E-A9FA-61083D1FCE9D} = {A9CEE624-87C8-4E07-A4D9-A0C58F313ADC}
		{69F88861-0CE9-4C5C-A95E-BECF3EF5FFED} = {A9CEE624-87C8-4E07-A4D9-A0C58F313ADC}
		{23DB37AC-937A-452B-85CA-DB8BBCF0677B} = {A9CEE624-87C8-4E07-A4D9-A0C58F313ADC}
		{E28003A2-B945-4976-8E27-1F5B72D4043F} = {A9CEE624-87C8-4E07-A4D9-A0C58F313ADC}
		{09E7299D-DEDE-4A9E-A96F-A56FD372F589} = {A9CEE624-87C8-4E07-A4D9-A0C58F313ADC}
		{4EAE1F25-D261-47ED-8A7C-BDC1B0A48B75} = {A9CEE624-87C8-4E07-A4D9-A0C58F313ADC}
		{A600423A-584D-4500-B044-89BA691E7BD9} = {A9CEE624-87C8-4E07-A4D9-A0C58F313ADC}
		{24250542-042C-44FC-B25C-52C932353AC5} = {A9CEE624-87C8-4E07-A4D9-A0C58F313ADC}
		{2283BB26-7D55-41E8-967E-5A5C14E91015} = {A9CEE624-87C8-4E07-A4D9-A0C58F313ADC}
		{D0F4752F-FD7E-4253-A432-A16E6E9204A4} = {A9CEE624-87C8-4E07-A4D9-A0C58F313ADC}
	EndGlobalSection
	GlobalSection(ExtensibilityGlobals) = postSolution
		SolutionGuid = {34A9837A-91C7-453E-A2C7-E779F548E210}
	EndGlobalSection
EndGlobal
